
Microsoft Visual Studio Solution File, Format Version 12.00
# Visual Studio 2012
Project("{2150E333-8FDC-42A3-9474-1A3956D46DE8}") = "01.operator overloading", "01.operator overloading", "{EF3DD4D3-E085-438C-8D94-71F531680DBA}"
EndProject
Project("{FAE04EC0-301F-11D3-BF4B-00C04F79EFBC}") = "operator overloading.host", "operator overloading.host\operator overloading.host.csproj", "{29AF6ED8-4D07-46A2-B26F-DB17ACB2C17D}"
EndProject
Project("{FAE04EC0-301F-11D3-BF4B-00C04F79EFBC}") = "operator overloading.model", "operator overloading.model\operator overloading.model.csproj", "{2DBFBB78-3FC7-4F1E-8690-6AA430D50DA1}"
EndProject
Global
	GlobalSection(SolutionConfigurationPlatforms) = preSolution
		Debug|Any CPU = Debug|Any CPU
		Release|Any CPU = Release|Any CPU
	EndGlobalSection
	GlobalSection(ProjectConfigurationPlatforms) = postSolution
		{29AF6ED8-4D07-46A2-B26F-DB17ACB2C17D}.Debug|Any CPU.ActiveCfg = Debug|Any CPU
		{29AF6ED8-4D07-46A2-B26F-DB17ACB2C17D}.Debug|Any CPU.Build.0 = Debug|Any CPU
		{29AF6ED8-4D07-46A2-B26F-DB17ACB2C17D}.Release|Any CPU.ActiveCfg = Release|Any CPU
		{29AF6ED8-4D07-46A2-B26F-DB17ACB2C17D}.Release|Any CPU.Build.0 = Release|Any CPU
		{2DBFBB78-3FC7-4F1E-8690-6AA430D50DA1}.Debug|Any CPU.ActiveCfg = Debug|Any CPU
		{2DBFBB78-3FC7-4F1E-8690-6AA430D50DA1}.Debug|Any CPU.Build.0 = Debug|Any CPU
		{2DBFBB78-3FC7-4F1E-8690-6AA430D50DA1}.Release|Any CPU.ActiveCfg = Release|Any CPU
		{2DBFBB78-3FC7-4F1E-8690-6AA430D50DA1}.Release|Any CPU.Build.0 = Release|Any CPU
	EndGlobalSection
	GlobalSection(SolutionProperties) = preSolution
		HideSolutionNode = FALSE
	EndGlobalSection
	GlobalSection(NestedProjects) = preSolution
		{29AF6ED8-4D07-46A2-B26F-DB17ACB2C17D} = {EF3DD4D3-E085-438C-8D94-71F531680DBA}
		{2DBFBB78-3FC7-4F1E-8690-6AA430D50DA1} = {EF3DD4D3-E085-438C-8D94-71F531680DBA}
	EndGlobalSection
EndGlobal
