
Microsoft Visual Studio Solution File, Format Version 12.00
# Visual Studio 2012
Project("{FAE04EC0-301F-11D3-BF4B-00C04F79EFBC}") = "operator overloading.host", "operator overloading.host.csproj", "{29AF6ED8-4D07-46A2-B26F-DB17ACB2C17D}"
EndProject
Global
	GlobalSection(SolutionConfigurationPlatforms) = preSolution
		Debug|Any CPU = Debug|Any CPU
		Release|Any CPU = Release|Any CPU
	EndGlobalSection
	GlobalSection(ProjectConfigurationPlatforms) = postSolution
		{29AF6ED8-4D07-46A2-B26F-DB17ACB2C17D}.Debug|Any CPU.ActiveCfg = Debug|Any CPU
		{29AF6ED8-4D07-46A2-B26F-DB17ACB2C17D}.Debug|Any CPU.Build.0 = Debug|Any CPU
		{29AF6ED8-4D07-46A2-B26F-DB17ACB2C17D}.Release|Any CPU.ActiveCfg = Release|Any CPU
		{29AF6ED8-4D07-46A2-B26F-DB17ACB2C17D}.Release|Any CPU.Build.0 = Release|Any CPU
	EndGlobalSection
	GlobalSection(SolutionProperties) = preSolution
		HideSolutionNode = FALSE
	EndGlobalSection
EndGlobal
